{
    "_meta": {
        "hash": {
            "sha256": "e41a9e34cc334a3308ae62fae48b168843c9b1c61b401383a77d7b5819417e08"
        },
        "pipfile-spec": 6,
        "requires": {
            "python_version": "3.6"
        },
        "sources": [
            {
                "name": "pypi",
                "url": "https://pypi.org/simple",
                "verify_ssl": true
            }
        ]
    },
    "default": {
        "asgi-redis": {
            "hashes": [
                "sha256:ad724d382617b34c2cae08a8c43eb9999f7e695c11e9c534d28b7db0042b898e",
                "sha256:f1f7a86439d764a6cd6c11d165a500d7287d5447ac8eb4c7b2483456cf3cb383"
            ],
            "index": "pypi",
            "version": "==1.4.3"
        },
        "asgiref": {
            "hashes": [
                "sha256:8b46c3d6e2ad354d9da3cfb9873f9bd46fe1b768fbc11065275ba5430a46700c",
                "sha256:d69847e3164957f4e6da51d2f1192b920c6c7d626bd3fc55f47aa1295702a0ed"
            ],
            "version": "==1.1.2"
        },
        "attrs": {
            "hashes": [
                "sha256:4b90b09eeeb9b88c35bc642cbac057e45a5fd85367b985bd2809c62b7b939265",
                "sha256:e0d0eb91441a3b53dab4d9b743eafc1ac44476296a2053b6ca3af0b139faf87b"
            ],
            "version": "==18.1.0"
        },
        "autobahn": {
            "hashes": [
                "sha256:2f41bfc512ec482044fa8cfa74182118dedd87e03b3494472d9ff1b5a1e27d24",
                "sha256:83e050f0e0783646dbf6da60fe837f4f825c241080d2b5f080002ae6885b036f"
            ],
            "version": "==18.6.1"
        },
        "automat": {
            "hashes": [
                "sha256:cbd78b83fa2d81fe2a4d23d258e1661dd7493c9a50ee2f1a5b2cac61c1793b0e",
                "sha256:fdccab66b68498af9ecfa1fa43693abe546014dd25cf28543cbe9d1334916a58"
            ],
            "version": "==0.7.0"
        },
        "channels": {
            "hashes": [
                "sha256:02a82661241de0cf3bfa228cfc1e3e5c999a31215e213e6502a7ed60391c5e3f",
                "sha256:729bb1f8704b766b8682cf98fba7338c252d1d9fef15e8f41ffdb1a1526615e8"
            ],
            "index": "pypi",
            "version": "==1.1.8"
        },
        "constantly": {
            "hashes": [
                "sha256:586372eb92059873e29eba4f9dec8381541b4d3834660707faf8ba59146dfc35",
                "sha256:dd2fa9d6b1a51a83f0d7dd76293d734046aa176e384bf6e33b7e44880eb37c5d"
            ],
            "version": "==15.1.0"
        },
        "daphne": {
            "hashes": [
                "sha256:302725f223853b05688f28c361e050f8db9568b1ce27340c76272c26b49e6d72",
                "sha256:fcbf720555eb0e26cdc3883dc9a910be03a294b30b742acfbb4f5e7408875376"
            ],
            "version": "==1.4.2"
        },
        "django": {
            "hashes": [
                "sha256:0120b3b60760fb0617848b58aaa9702c0bf963320ed472f0879c5c55ab75b64a",
                "sha256:b6f3b864944276b4fd1d099952112696558f78b77b39188ac92b6c5e80152c30"
            ],
            "index": "pypi",
            "version": "==1.11"
        },
        "hyperlink": {
            "hashes": [
                "sha256:98da4218a56b448c7ec7d2655cb339af1f7d751cf541469bb4fc28c4a4245b34",
                "sha256:f01b4ff744f14bc5d0a22a6b9f1525ab7d6312cb0ff967f59414bbac52f0a306"
            ],
            "version": "==18.0.0"
        },
        "idna": {
            "hashes": [
                "sha256:156a6814fb5ac1fc6850fb002e0852d56c0c8d2531923a51032d1b70760e186e",
                "sha256:684a38a6f903c1d71d6d5fac066b58d7768af4de2b832e426ec79c30daa94a16"
            ],
            "version": "==2.7"
        },
        "incremental": {
            "hashes": [
                "sha256:717e12246dddf231a349175f48d74d93e2897244939173b01974ab6661406b9f",
                "sha256:7b751696aaf36eebfab537e458929e194460051ccad279c72b755a167eebd4b3"
            ],
            "version": "==17.5.0"
        },
        "msgpack-python": {
            "hashes": [
                "sha256:378cc8a6d3545b532dfd149da715abae4fda2a3adb6d74e525d0d5e51f46909b"
            ],
            "version": "==0.5.6"
        },
        "pytz": {
            "hashes": [
                "sha256:65ae0c8101309c45772196b21b74c46b2e5d11b6275c45d251b150d5da334555",
                "sha256:c06425302f2cf668f1bba7a0a03f3c1d34d4ebeef2c72003da308b3947c7f749"
            ],
            "index": "pypi",
            "version": "==2018.4"
        },
        "redis": {
            "hashes": [
                "sha256:8a1900a9f2a0a44ecf6e8b5eb3e967a9909dfed219ad66df094f27f7d6f330fb",
                "sha256:a22ca993cea2962dbb588f9f30d0015ac4afcc45bee27d3978c0dbe9e97c6c0f"
            ],
            "version": "==2.10.6"
        },
        "six": {
            "hashes": [
                "sha256:70e8a77beed4562e7f14fe23a786b54f6296e34344c23bc42f07b15018ff98e9",
                "sha256:832dc0e10feb1aa2c68dcc57dbb658f1c7e65b9b61af69048abc87a2db00a0eb"
            ],
            "version": "==1.11.0"
        },
        "twisted": {
            "hashes": [
                "sha256:3ad1e553c7b66a501abbcf7736620210cc58928730d3e1b905b345fc30043d4b",
                "sha256:a4cc164a781859c74de47f17f0e85f4bce8a3321a9d0892c015c8f80c4158ad9"
            ],
            "version": "==18.4.0"
        },
        "txaio": {
            "hashes": [
                "sha256:4797f9f6a9866fe887c96abc0110a226dd5744c894dc3630870542597ad30853",
                "sha256:c25acd6c2ef7005a0cd50fa2b65deac409be2f3886e2fcd04f99fae827b179e4"
            ],
            "version": "==2.10.0"
        },
        "zope.interface": {
            "hashes": [
                "sha256:21506674d30c009271fe68a242d330c83b1b9d76d62d03d87e1e9528c61beea6",
                "sha256:3d184aff0756c44fff7de69eb4cd5b5311b6f452d4de28cb08343b3f21993763",
                "sha256:467d364b24cb398f76ad5e90398d71b9325eb4232be9e8a50d6a3b3c7a1c8789",
                "sha256:57c38470d9f57e37afb460c399eb254e7193ac7fb8042bd09bdc001981a9c74c",
                "sha256:9ada83f4384bbb12dedc152bcdd46a3ac9f5f7720d43ac3ce3e8e8b91d733c10",
                "sha256:a1daf9c5120f3cc6f2b5fef8e1d2a3fb7bbbb20ed4bfdc25bc8364bc62dcf54b",
                "sha256:e6b77ae84f2b8502d99a7855fa33334a1eb6159de45626905cb3e454c023f339",
                "sha256:e881ef610ff48aece2f4ee2af03d2db1a146dc7c705561bd6089b2356f61641f",
                "sha256:f41037260deaacb875db250021fe883bf536bf6414a4fd25b25059b02e31b120"
            ],
            "version": "==4.5.0"
        }
    },
    "develop": {
        "autopep8": {
            "hashes": [
                "sha256:2284d4ae2052fedb9f466c09728e30d2e231cfded5ffd7b1a20c34123fdc4ba4"
            ],
            "index": "pypi",
            "version": "==1.3.5"
        },
        "pycodestyle": {
            "hashes": [
                "sha256:74abc4e221d393ea5ce1f129ea6903209940c1ecd29e002e8c6933c2b21026e0",
                "sha256:cbc619d09254895b0d12c2c691e237b2e91e9b2ecf5e84c26b35400f93dcfb83",
                "sha256:cbfca99bd594a10f674d0cd97a3d802a1fdef635d4361e1a2658de47ed261e3a"
            ],
            "version": "==2.4.0"
        }
    }
}
